{
    "version": 3,
    "terraform_version": "0.9.11",
    "serial": 1,
    "lineage": "268207a0-4c5c-40ff-8739-1d051f7c31a2",
    "modules": [
        {
            "path": [
                "root"
            ],
            "outputs": {
                "origin": {
                    "sensitive": false,
                    "type": "string",
                    "value": "54.169.121.7"
                }
            },
            "resources": {
                "aws_instance.origin": {
                    "type": "aws_instance",
                    "depends_on": [
                        "aws_key_pair.server-key",
                        "data.aws_ami.ubuntu"
                    ],
                    "primary": {
                        "id": "i-0f8dc11c5f2a427aa",
                        "attributes": {
                            "ami": "ami-66187f05",
                            "associate_public_ip_address": "true",
                            "availability_zone": "ap-southeast-1a",
                            "disable_api_termination": "false",
                            "ebs_block_device.#": "0",
                            "ebs_optimized": "false",
                            "ephemeral_block_device.#": "0",
                            "iam_instance_profile": "",
                            "id": "i-0f8dc11c5f2a427aa",
                            "instance_state": "running",
                            "instance_type": "t2.micro",
                            "ipv6_addresses.#": "0",
                            "key_name": "server-key",
                            "monitoring": "false",
                            "network_interface.#": "0",
                            "network_interface_id": "eni-8747d8cb",
                            "primary_network_interface_id": "eni-8747d8cb",
                            "private_dns": "ip-172-31-16-182.ap-southeast-1.compute.internal",
                            "private_ip": "172.31.16.182",
                            "public_dns": "ec2-54-169-121-7.ap-southeast-1.compute.amazonaws.com",
                            "public_ip": "54.169.121.7",
                            "root_block_device.#": "1",
                            "root_block_device.0.delete_on_termination": "true",
                            "root_block_device.0.iops": "100",
                            "root_block_device.0.volume_size": "8",
                            "root_block_device.0.volume_type": "gp2",
                            "security_groups.#": "2",
                            "security_groups.142647823": "allow_http_myra",
                            "security_groups.390174815": "allow_ssh_myra",
                            "source_dest_check": "true",
                            "subnet_id": "subnet-2b1d615d",
                            "tags.%": "1",
                            "tags.Name": "origin",
                            "tenancy": "default",
                            "volume_tags.%": "0",
                            "vpc_security_group_ids.#": "0"
                        },
                        "meta": {
                            "e2bfb730-ecaa-11e6-8f88-34363bc7c4c0": {
                                "create": 600000000000,
                                "delete": 600000000000,
                                "update": 600000000000
                            },
                            "schema_version": "1"
                        },
                        "tainted": false
                    },
                    "deposed": [],
                    "provider": ""
                },
                "aws_key_pair.server-key": {
                    "type": "aws_key_pair",
                    "depends_on": [],
                    "primary": {
                        "id": "server-key",
                        "attributes": {
                            "fingerprint": "0c:5b:0c:c9:6f:e2:3f:cd:fe:d0:8e:97:76:f2:84:97",
                            "id": "server-key",
                            "key_name": "server-key",
                            "public_key": "ssh-rsa AAAAB3NzaC1yc2EAAAADAQABAAABAQD13KJWKWkK6WeFbwyCRiGZOBt9gXaqYshM+64qNumUi1xapNK3BtjHp2gxEYW/T/r0W6lRK2AMUxH5yhFLTrczyr00rODUjTK1Xs2RMaQV783Gxv7sIrPqczBtHJaiux6MEBCx+nSw+OvlSdJCbsoi/oY0AfKqPFmA3uTyukWmuLrmsOlBx4WtFjRNxCI7QcPXbRPgs/6yLUoTTKjyWxAU/3jg8d2XU+D5URQiqfxFjMuyN4XwdPO7Z4NY14uN/tpSr8SFFQ92EUpVC8j+DouqR6VfU5GhZR4r1ZFhDIXDM5ZXvis+3dSjo24FmhkOtnIpNxMzWqY2dMzv4zzt8zR3 appusidhardh@Appus-MacBook-Pro.local"
                        },
                        "meta": {
                            "schema_version": "1"
                        },
                        "tainted": false
                    },
                    "deposed": [],
                    "provider": ""
                },
                "aws_security_group.allow_http_myra": {
                    "type": "aws_security_group",
                    "depends_on": [],
                    "primary": {
                        "id": "sg-3878af5e",
                        "attributes": {
                            "description": "Allow all http",
                            "egress.#": "1",
                            "egress.482069346.cidr_blocks.#": "1",
                            "egress.482069346.cidr_blocks.0": "0.0.0.0/0",
                            "egress.482069346.from_port": "0",
                            "egress.482069346.ipv6_cidr_blocks.#": "0",
                            "egress.482069346.prefix_list_ids.#": "0",
                            "egress.482069346.protocol": "-1",
                            "egress.482069346.security_groups.#": "0",
                            "egress.482069346.self": "false",
                            "egress.482069346.to_port": "0",
                            "id": "sg-3878af5e",
                            "ingress.#": "1",
                            "ingress.2214680975.cidr_blocks.#": "1",
                            "ingress.2214680975.cidr_blocks.0": "0.0.0.0/0",
                            "ingress.2214680975.from_port": "80",
                            "ingress.2214680975.ipv6_cidr_blocks.#": "0",
                            "ingress.2214680975.protocol": "tcp",
                            "ingress.2214680975.security_groups.#": "0",
                            "ingress.2214680975.self": "false",
                            "ingress.2214680975.to_port": "80",
                            "name": "allow_http_myra",
                            "owner_id": "786715259308",
                            "tags.%": "0",
                            "vpc_id": "vpc-4f820d2b"
                        },
                        "meta": {},
                        "tainted": false
                    },
                    "deposed": [],
                    "provider": ""
                },
                "aws_security_group.allow_ssh_myra": {
                    "type": "aws_security_group",
                    "depends_on": [],
                    "primary": {
                        "id": "sg-ab66b1cd",
                        "attributes": {
                            "description": "Allow ssh ports",
                            "egress.#": "1",
                            "egress.482069346.cidr_blocks.#": "1",
                            "egress.482069346.cidr_blocks.0": "0.0.0.0/0",
                            "egress.482069346.from_port": "0",
                            "egress.482069346.ipv6_cidr_blocks.#": "0",
                            "egress.482069346.prefix_list_ids.#": "0",
                            "egress.482069346.protocol": "-1",
                            "egress.482069346.security_groups.#": "0",
                            "egress.482069346.self": "false",
                            "egress.482069346.to_port": "0",
                            "id": "sg-ab66b1cd",
                            "ingress.#": "1",
                            "ingress.2541437006.cidr_blocks.#": "1",
                            "ingress.2541437006.cidr_blocks.0": "0.0.0.0/0",
                            "ingress.2541437006.from_port": "22",
                            "ingress.2541437006.ipv6_cidr_blocks.#": "0",
                            "ingress.2541437006.protocol": "tcp",
                            "ingress.2541437006.security_groups.#": "0",
                            "ingress.2541437006.self": "false",
                            "ingress.2541437006.to_port": "22",
                            "name": "allow_ssh_myra",
                            "owner_id": "786715259308",
                            "tags.%": "0",
                            "vpc_id": "vpc-4f820d2b"
                        },
                        "meta": {},
                        "tainted": false
                    },
                    "deposed": [],
                    "provider": ""
                },
                "data.aws_ami.ubuntu": {
                    "type": "aws_ami",
                    "depends_on": [],
                    "primary": {
                        "id": "ami-66187f05",
                        "attributes": {
                            "architecture": "x86_64",
                            "block_device_mappings.#": "3",
                            "block_device_mappings.1634610537.device_name": "/dev/sdb",
                            "block_device_mappings.1634610537.ebs.%": "0",
                            "block_device_mappings.1634610537.no_device": "",
                            "block_device_mappings.1634610537.virtual_name": "ephemeral0",
                            "block_device_mappings.2547816212.device_name": "/dev/sda1",
                            "block_device_mappings.2547816212.ebs.%": "6",
                            "block_device_mappings.2547816212.ebs.delete_on_termination": "true",
                            "block_device_mappings.2547816212.ebs.encrypted": "false",
                            "block_device_mappings.2547816212.ebs.iops": "0",
                            "block_device_mappings.2547816212.ebs.snapshot_id": "snap-0c195a6246055afc6",
                            "block_device_mappings.2547816212.ebs.volume_size": "8",
                            "block_device_mappings.2547816212.ebs.volume_type": "gp2",
                            "block_device_mappings.2547816212.no_device": "",
                            "block_device_mappings.2547816212.virtual_name": "",
                            "block_device_mappings.3850042718.device_name": "/dev/sdc",
                            "block_device_mappings.3850042718.ebs.%": "0",
                            "block_device_mappings.3850042718.no_device": "",
                            "block_device_mappings.3850042718.virtual_name": "ephemeral1",
                            "creation_date": "2017-08-19T09:19:48.000Z",
                            "description": "Canonical, Ubuntu, 14.04 LTS, amd64 trusty image build on 2017-08-18",
                            "filter.#": "2",
                            "filter.4182425345.name": "name",
                            "filter.4182425345.values.#": "1",
                            "filter.4182425345.values.0": "ubuntu/images/hvm-ssd/ubuntu-trusty-14.04-amd64-server-*",
                            "filter.490168357.name": "virtualization-type",
                            "filter.490168357.values.#": "1",
                            "filter.490168357.values.0": "hvm",
                            "hypervisor": "xen",
                            "id": "ami-66187f05",
                            "image_id": "ami-66187f05",
                            "image_location": "099720109477/ubuntu/images/hvm-ssd/ubuntu-trusty-14.04-amd64-server-20170818",
                            "image_type": "machine",
                            "most_recent": "true",
                            "name": "ubuntu/images/hvm-ssd/ubuntu-trusty-14.04-amd64-server-20170818",
                            "owner_id": "099720109477",
                            "product_codes.#": "0",
                            "public": "true",
                            "root_device_name": "/dev/sda1",
                            "root_device_type": "ebs",
                            "sriov_net_support": "simple",
                            "state": "available",
                            "state_reason.%": "2",
                            "state_reason.code": "UNSET",
                            "state_reason.message": "UNSET",
                            "tags.#": "0",
                            "virtualization_type": "hvm"
                        },
                        "meta": {},
                        "tainted": false
                    },
                    "deposed": [],
                    "provider": ""
                }
            },
            "depends_on": []
        }
    ]
}
